Microsoft Visual Studio Solution File, Format Version 11.00
# Visual Studio 2008

Project("{1D8462DC-3141-8F5C-DA18-CDC30D66E64D}") = "TangoTest", "Assembly-CSharp.csproj", "{C2ADE7A5-C205-9F42-4BAC-5F9BD956AE37}"
EndProject
Project("{1D8462DC-3141-8F5C-DA18-CDC30D66E64D}") = "TangoTest", "Assembly-CSharp-Editor.csproj", "{87B48D18-FDE3-A764-1577-C2B5FBC9DFC1}"
EndProject
Global
	GlobalSection(SolutionConfigurationPlatforms) = preSolution
		Debug|Any CPU = Debug|Any CPU
		Release|Any CPU = Release|Any CPU
	EndGlobalSection
	GlobalSection(ProjectConfigurationPlatforms) = postSolution
		{C2ADE7A5-C205-9F42-4BAC-5F9BD956AE37}.Debug|Any CPU.ActiveCfg = Debug|Any CPU
		{C2ADE7A5-C205-9F42-4BAC-5F9BD956AE37}.Debug|Any CPU.Build.0 = Debug|Any CPU
		{C2ADE7A5-C205-9F42-4BAC-5F9BD956AE37}.Release|Any CPU.ActiveCfg = Release|Any CPU
		{C2ADE7A5-C205-9F42-4BAC-5F9BD956AE37}.Release|Any CPU.Build.0 = Release|Any CPU
		{87B48D18-FDE3-A764-1577-C2B5FBC9DFC1}.Debug|Any CPU.ActiveCfg = Debug|Any CPU
		{87B48D18-FDE3-A764-1577-C2B5FBC9DFC1}.Debug|Any CPU.Build.0 = Debug|Any CPU
		{87B48D18-FDE3-A764-1577-C2B5FBC9DFC1}.Release|Any CPU.ActiveCfg = Release|Any CPU
		{87B48D18-FDE3-A764-1577-C2B5FBC9DFC1}.Release|Any CPU.Build.0 = Release|Any CPU
	EndGlobalSection
	GlobalSection(SolutionProperties) = preSolution
		HideSolutionNode = FALSE
	EndGlobalSection
	GlobalSection(MonoDevelopProperties) = preSolution
		StartupItem = Assembly-CSharp.csproj
	EndGlobalSection
EndGlobal
